{
  "object": {
    "pins": [
      {
        "package": "SDWebImage",
        "repositoryURL": "https://github.com/SDWebImage/SDWebImage",
        "state": {
          "branch": null,
          "revision": "b729cc14f65e1412efc781a4cc46bd7f4720a3ae",
          "version": "5.12.6"
        }
      },
      {
        "package": "SDWebImageSwiftUI",
        "repositoryURL": "https://github.com/SDWebImage/SDWebImageSwiftUI",
        "state": {
          "branch": null,
          "revision": "6fcaa47f450f8696b19d6f037dcb582ff4deb544",
          "version": "2.0.0"
        }
      },
      {
        "package": "StatusAlert",
        "repositoryURL": "https://github.com/LowKostKustomz/StatusAlert",
        "state": {
          "branch": "master",
          "revision": "9997022d9fe4ba30e01175b52fde7a1e2b1cd5d7",
          "version": null
        }
      }
    ]
  },
  "version": 1
}
